
Microsoft Visual Studio Solution File, Format Version 12.00
# Visual Studio Version 16
VisualStudioVersion = 16.0.32126.315
MinimumVisualStudioVersion = 10.0.40219.1
Project("{9A19103F-16F7-4668-BE54-9A1E7A4F7556}") = "NNA", "NNA.csproj", "{494230A5-589B-4C7C-A9CA-CED34E31B1AA}"
EndProject
Project("{FAE04EC0-301F-11D3-BF4B-00C04F79EFBC}") = "API", "..\API\API.csproj", "{751F202F-6ED1-4FA7-AAB0-2E1EF64384A2}"
EndProject
Project("{FAE04EC0-301F-11D3-BF4B-00C04F79EFBC}") = "Context", "..\Context\Context.csproj", "{ED553903-72DD-412E-BDE6-AA52BFA66152}"
EndProject
Project("{FAE04EC0-301F-11D3-BF4B-00C04F79EFBC}") = "Models", "..\Models\Models.csproj", "{3924D2A0-0FAB-44FB-B48F-FF5F23C21899}"
EndProject
Global
	GlobalSection(SolutionConfigurationPlatforms) = preSolution
		Debug|Any CPU = Debug|Any CPU
		Release|Any CPU = Release|Any CPU
	EndGlobalSection
	GlobalSection(ProjectConfigurationPlatforms) = postSolution
		{494230A5-589B-4C7C-A9CA-CED34E31B1AA}.Debug|Any CPU.ActiveCfg = Debug|Any CPU
		{494230A5-589B-4C7C-A9CA-CED34E31B1AA}.Debug|Any CPU.Build.0 = Debug|Any CPU
		{494230A5-589B-4C7C-A9CA-CED34E31B1AA}.Release|Any CPU.ActiveCfg = Release|Any CPU
		{494230A5-589B-4C7C-A9CA-CED34E31B1AA}.Release|Any CPU.Build.0 = Release|Any CPU
		{751F202F-6ED1-4FA7-AAB0-2E1EF64384A2}.Debug|Any CPU.ActiveCfg = Debug|Any CPU
		{751F202F-6ED1-4FA7-AAB0-2E1EF64384A2}.Debug|Any CPU.Build.0 = Debug|Any CPU
		{751F202F-6ED1-4FA7-AAB0-2E1EF64384A2}.Release|Any CPU.ActiveCfg = Release|Any CPU
		{751F202F-6ED1-4FA7-AAB0-2E1EF64384A2}.Release|Any CPU.Build.0 = Release|Any CPU
		{ED553903-72DD-412E-BDE6-AA52BFA66152}.Debug|Any CPU.ActiveCfg = Debug|Any CPU
		{ED553903-72DD-412E-BDE6-AA52BFA66152}.Debug|Any CPU.Build.0 = Debug|Any CPU
		{ED553903-72DD-412E-BDE6-AA52BFA66152}.Release|Any CPU.ActiveCfg = Release|Any CPU
		{ED553903-72DD-412E-BDE6-AA52BFA66152}.Release|Any CPU.Build.0 = Release|Any CPU
		{3924D2A0-0FAB-44FB-B48F-FF5F23C21899}.Debug|Any CPU.ActiveCfg = Debug|Any CPU
		{3924D2A0-0FAB-44FB-B48F-FF5F23C21899}.Debug|Any CPU.Build.0 = Debug|Any CPU
		{3924D2A0-0FAB-44FB-B48F-FF5F23C21899}.Release|Any CPU.ActiveCfg = Release|Any CPU
		{3924D2A0-0FAB-44FB-B48F-FF5F23C21899}.Release|Any CPU.Build.0 = Release|Any CPU
	EndGlobalSection
	GlobalSection(SolutionProperties) = preSolution
		HideSolutionNode = FALSE
	EndGlobalSection
	GlobalSection(ExtensibilityGlobals) = postSolution
		SolutionGuid = {30782763-E758-4C04-9405-0779468D14E7}
	EndGlobalSection
EndGlobal
