
Microsoft Visual Studio Solution File, Format Version 12.00
# Visual Studio Version 17
VisualStudioVersion = 17.3.32901.215
MinimumVisualStudioVersion = 10.0.40219.1
Project("{FAE04EC0-301F-11D3-BF4B-00C04F79EFBC}") = "NNA", "NNA.csproj", "{494230A5-589B-4C7C-A9CA-CED34E31B1AA}"
EndProject
Global
	GlobalSection(SolutionConfigurationPlatforms) = preSolution
		Debug|Any CPU = Debug|Any CPU
		Release|Any CPU = Release|Any CPU
	EndGlobalSection
	GlobalSection(ProjectConfigurationPlatforms) = postSolution
		{494230A5-589B-4C7C-A9CA-CED34E31B1AA}.Debug|Any CPU.ActiveCfg = Debug|Any CPU
		{494230A5-589B-4C7C-A9CA-CED34E31B1AA}.Debug|Any CPU.Build.0 = Debug|Any CPU
		{494230A5-589B-4C7C-A9CA-CED34E31B1AA}.Release|Any CPU.ActiveCfg = Release|Any CPU
		{494230A5-589B-4C7C-A9CA-CED34E31B1AA}.Release|Any CPU.Build.0 = Release|Any CPU
	EndGlobalSection
	GlobalSection(SolutionProperties) = preSolution
		HideSolutionNode = FALSE
	EndGlobalSection
	GlobalSection(ExtensibilityGlobals) = postSolution
		SolutionGuid = {30782763-E758-4C04-9405-0779468D14E7}
	EndGlobalSection
EndGlobal
