
Microsoft Visual Studio Solution File, Format Version 12.00
# Visual Studio Version 16
VisualStudioVersion = 16.0.32126.315
MinimumVisualStudioVersion = 10.0.40219.1
Project("{9A19103F-16F7-4668-BE54-9A1E7A4F7556}") = "NNA", "NNA.csproj", "{494230A5-589B-4C7C-A9CA-CED34E31B1AA}"
EndProject
Project("{FAE04EC0-301F-11D3-BF4B-00C04F79EFBC}") = "Modelos", "Modelos\Modelos.csproj", "{C6D41F6A-2CF6-4B81-BC86-E1C54C9C0EC1}"
EndProject
Project("{FAE04EC0-301F-11D3-BF4B-00C04F79EFBC}") = "NNAContext", "NNAContext\NNAContext.csproj", "{12783D16-B6AF-4727-A5B5-8884156929DE}"
EndProject
Project("{FAE04EC0-301F-11D3-BF4B-00C04F79EFBC}") = "API", "API\API.csproj", "{B8B7B970-18F7-4727-BC2F-C8F78F0EBBA8}"
EndProject
Global
	GlobalSection(SolutionConfigurationPlatforms) = preSolution
		Debug|Any CPU = Debug|Any CPU
		Release|Any CPU = Release|Any CPU
	EndGlobalSection
	GlobalSection(ProjectConfigurationPlatforms) = postSolution
		{494230A5-589B-4C7C-A9CA-CED34E31B1AA}.Debug|Any CPU.ActiveCfg = Debug|Any CPU
		{494230A5-589B-4C7C-A9CA-CED34E31B1AA}.Debug|Any CPU.Build.0 = Debug|Any CPU
		{494230A5-589B-4C7C-A9CA-CED34E31B1AA}.Release|Any CPU.ActiveCfg = Release|Any CPU
		{494230A5-589B-4C7C-A9CA-CED34E31B1AA}.Release|Any CPU.Build.0 = Release|Any CPU
		{C6D41F6A-2CF6-4B81-BC86-E1C54C9C0EC1}.Debug|Any CPU.ActiveCfg = Debug|Any CPU
		{C6D41F6A-2CF6-4B81-BC86-E1C54C9C0EC1}.Debug|Any CPU.Build.0 = Debug|Any CPU
		{C6D41F6A-2CF6-4B81-BC86-E1C54C9C0EC1}.Release|Any CPU.ActiveCfg = Release|Any CPU
		{C6D41F6A-2CF6-4B81-BC86-E1C54C9C0EC1}.Release|Any CPU.Build.0 = Release|Any CPU
		{12783D16-B6AF-4727-A5B5-8884156929DE}.Debug|Any CPU.ActiveCfg = Debug|Any CPU
		{12783D16-B6AF-4727-A5B5-8884156929DE}.Debug|Any CPU.Build.0 = Debug|Any CPU
		{12783D16-B6AF-4727-A5B5-8884156929DE}.Release|Any CPU.ActiveCfg = Release|Any CPU
		{12783D16-B6AF-4727-A5B5-8884156929DE}.Release|Any CPU.Build.0 = Release|Any CPU
		{B8B7B970-18F7-4727-BC2F-C8F78F0EBBA8}.Debug|Any CPU.ActiveCfg = Debug|Any CPU
		{B8B7B970-18F7-4727-BC2F-C8F78F0EBBA8}.Debug|Any CPU.Build.0 = Debug|Any CPU
		{B8B7B970-18F7-4727-BC2F-C8F78F0EBBA8}.Release|Any CPU.ActiveCfg = Release|Any CPU
		{B8B7B970-18F7-4727-BC2F-C8F78F0EBBA8}.Release|Any CPU.Build.0 = Release|Any CPU
	EndGlobalSection
	GlobalSection(SolutionProperties) = preSolution
		HideSolutionNode = FALSE
	EndGlobalSection
	GlobalSection(ExtensibilityGlobals) = postSolution
		SolutionGuid = {30782763-E758-4C04-9405-0779468D14E7}
	EndGlobalSection
EndGlobal
